
Microsoft Visual Studio Solution File, Format Version 12.00
# Visual Studio 15
Project("{FAE04EC0-301F-11D3-BF4B-00C04F79EFBC}") = "Assembly-CSharp-firstpass", "Assembly-CSharp-firstpass.csproj", "{94C5DC26-5F3C-9B15-3E73-184401B14C52}"
EndProject
Project("{FAE04EC0-301F-11D3-BF4B-00C04F79EFBC}") = "Assembly-CSharp", "Assembly-CSharp.csproj", "{CEAD0A0A-2D56-AE3C-670F-2281B59D8B89}"
EndProject
Project("{FAE04EC0-301F-11D3-BF4B-00C04F79EFBC}") = "Assembly-CSharp-Editor-firstpass", "Assembly-CSharp-Editor-firstpass.csproj", "{FCF396A3-8D26-75F7-A3A9-62686ABF2484}"
EndProject
Global
	GlobalSection(SolutionConfigurationPlatforms) = preSolution
		Debug|Any CPU = Debug|Any CPU
		Release|Any CPU = Release|Any CPU
	EndGlobalSection
	GlobalSection(ProjectConfigurationPlatforms) = postSolution
		{94C5DC26-5F3C-9B15-3E73-184401B14C52}.Debug|Any CPU.ActiveCfg = Debug|Any CPU
		{94C5DC26-5F3C-9B15-3E73-184401B14C52}.Debug|Any CPU.Build.0 = Debug|Any CPU
		{94C5DC26-5F3C-9B15-3E73-184401B14C52}.Release|Any CPU.ActiveCfg = Release|Any CPU
		{94C5DC26-5F3C-9B15-3E73-184401B14C52}.Release|Any CPU.Build.0 = Release|Any CPU
		{CEAD0A0A-2D56-AE3C-670F-2281B59D8B89}.Debug|Any CPU.ActiveCfg = Debug|Any CPU
		{CEAD0A0A-2D56-AE3C-670F-2281B59D8B89}.Debug|Any CPU.Build.0 = Debug|Any CPU
		{CEAD0A0A-2D56-AE3C-670F-2281B59D8B89}.Release|Any CPU.ActiveCfg = Release|Any CPU
		{CEAD0A0A-2D56-AE3C-670F-2281B59D8B89}.Release|Any CPU.Build.0 = Release|Any CPU
		{FCF396A3-8D26-75F7-A3A9-62686ABF2484}.Debug|Any CPU.ActiveCfg = Debug|Any CPU
		{FCF396A3-8D26-75F7-A3A9-62686ABF2484}.Debug|Any CPU.Build.0 = Debug|Any CPU
		{FCF396A3-8D26-75F7-A3A9-62686ABF2484}.Release|Any CPU.ActiveCfg = Release|Any CPU
		{FCF396A3-8D26-75F7-A3A9-62686ABF2484}.Release|Any CPU.Build.0 = Release|Any CPU
	EndGlobalSection
	GlobalSection(SolutionProperties) = preSolution
		HideSolutionNode = FALSE
	EndGlobalSection
EndGlobal
